
Microsoft Visual Studio Solution File, Format Version 12.00
Project("{FAE04EC0-301F-11D3-BF4B-00C04F79EFBC}") = "MyDevTemplate.Domain", "MyDevTemplate.Domain\MyDevTemplate.Domain.csproj", "{34C36AC5-E78A-41F9-BA18-AC7B805E460B}"
EndProject
Project("{2150E333-8FDC-42A3-9474-1A3956D46DE8}") = "01_Core", "01_Core", "{79C4D457-9661-4956-8067-BCB9BE63F445}"
EndProject
Project("{2150E333-8FDC-42A3-9474-1A3956D46DE8}") = "02_Infrastructure", "02_Infrastructure", "{3CC0E47B-DFD8-45D1-8602-6E698DB02471}"
EndProject
Project("{2150E333-8FDC-42A3-9474-1A3956D46DE8}") = "03_ApplicationLayer", "03_ApplicationLayer", "{3C76C936-0036-4E60-811F-F74DA1978EB9}"
EndProject
Project("{2150E333-8FDC-42A3-9474-1A3956D46DE8}") = "04_ViewLayer", "04_ViewLayer", "{45D2E5BC-CFAD-4D89-8D1B-57ED1E6A4653}"
EndProject
Project("{FAE04EC0-301F-11D3-BF4B-00C04F79EFBC}") = "MyDevTemplate.Application", "MyDevTemplate.Application\MyDevTemplate.Application.csproj", "{23470AD4-36F3-423F-87D1-2380FE223E48}"
EndProject
Project("{FAE04EC0-301F-11D3-BF4B-00C04F79EFBC}") = "MyDevTemplate.Blazor.Server", "MyDevTemplate.Blazor.Server\MyDevTemplate.Blazor.Server.csproj", "{9599081B-3BB0-4F08-83A1-B1F191830967}"
EndProject
Project("{FAE04EC0-301F-11D3-BF4B-00C04F79EFBC}") = "MyDevTemplate.Api", "MyDevTemplate.Api\MyDevTemplate.Api.csproj", "{12F0ED59-D2A6-4BA0-9859-F15284764FD0}"
EndProject
Project("{FAE04EC0-301F-11D3-BF4B-00C04F79EFBC}") = "MyDevTemplate.Persistence", "MyDevTemplate.Persistence\MyDevTemplate.Persistence.csproj", "{0379825B-3515-4E41-9472-0FE681081106}"
EndProject
Project("{FAE04EC0-301F-11D3-BF4B-00C04F79EFBC}") = "MyDevTemplate.Domain.Tests", "MyDevTemplate.Domain.Tests\MyDevTemplate.Domain.Tests.csproj", "{F5E9FD53-560F-4891-89C6-23F7E9663500}"
EndProject
Project("{FAE04EC0-301F-11D3-BF4B-00C04F79EFBC}") = "MyDevTemplate.Api.IntegrationTests", "MyDevTemplate.Api.IntegrationTests\MyDevTemplate.Api.IntegrationTests.csproj", "{8B995B08-9D0F-4196-AB9A-F8D570A73B98}"
EndProject
Project("{FAE04EC0-301F-11D3-BF4B-00C04F79EFBC}") = "MyDevTemplate.Blazor.Server.Tests", "MyDevTemplate.Blazor.Server.Tests\MyDevTemplate.Blazor.Server.Tests.csproj", "{3AEB2EAF-C3C8-4459-96E8-28FD2E4DEE83}"
EndProject
Global
	GlobalSection(SolutionConfigurationPlatforms) = preSolution
		Debug|Any CPU = Debug|Any CPU
		Debug|x64 = Debug|x64
		Debug|x86 = Debug|x86
		Release|Any CPU = Release|Any CPU
		Release|x64 = Release|x64
		Release|x86 = Release|x86
	EndGlobalSection
	GlobalSection(ProjectConfigurationPlatforms) = postSolution
		{34C36AC5-E78A-41F9-BA18-AC7B805E460B}.Debug|Any CPU.ActiveCfg = Debug|Any CPU
		{34C36AC5-E78A-41F9-BA18-AC7B805E460B}.Debug|Any CPU.Build.0 = Debug|Any CPU
		{34C36AC5-E78A-41F9-BA18-AC7B805E460B}.Debug|x64.ActiveCfg = Debug|Any CPU
		{34C36AC5-E78A-41F9-BA18-AC7B805E460B}.Debug|x64.Build.0 = Debug|Any CPU
		{34C36AC5-E78A-41F9-BA18-AC7B805E460B}.Debug|x86.ActiveCfg = Debug|Any CPU
		{34C36AC5-E78A-41F9-BA18-AC7B805E460B}.Debug|x86.Build.0 = Debug|Any CPU
		{34C36AC5-E78A-41F9-BA18-AC7B805E460B}.Release|Any CPU.ActiveCfg = Release|Any CPU
		{34C36AC5-E78A-41F9-BA18-AC7B805E460B}.Release|Any CPU.Build.0 = Release|Any CPU
		{34C36AC5-E78A-41F9-BA18-AC7B805E460B}.Release|x64.ActiveCfg = Release|Any CPU
		{34C36AC5-E78A-41F9-BA18-AC7B805E460B}.Release|x64.Build.0 = Release|Any CPU
		{34C36AC5-E78A-41F9-BA18-AC7B805E460B}.Release|x86.ActiveCfg = Release|Any CPU
		{34C36AC5-E78A-41F9-BA18-AC7B805E460B}.Release|x86.Build.0 = Release|Any CPU
		{23470AD4-36F3-423F-87D1-2380FE223E48}.Debug|Any CPU.ActiveCfg = Debug|Any CPU
		{23470AD4-36F3-423F-87D1-2380FE223E48}.Debug|Any CPU.Build.0 = Debug|Any CPU
		{23470AD4-36F3-423F-87D1-2380FE223E48}.Debug|x64.ActiveCfg = Debug|Any CPU
		{23470AD4-36F3-423F-87D1-2380FE223E48}.Debug|x64.Build.0 = Debug|Any CPU
		{23470AD4-36F3-423F-87D1-2380FE223E48}.Debug|x86.ActiveCfg = Debug|Any CPU
		{23470AD4-36F3-423F-87D1-2380FE223E48}.Debug|x86.Build.0 = Debug|Any CPU
		{23470AD4-36F3-423F-87D1-2380FE223E48}.Release|Any CPU.ActiveCfg = Release|Any CPU
		{23470AD4-36F3-423F-87D1-2380FE223E48}.Release|Any CPU.Build.0 = Release|Any CPU
		{23470AD4-36F3-423F-87D1-2380FE223E48}.Release|x64.ActiveCfg = Release|Any CPU
		{23470AD4-36F3-423F-87D1-2380FE223E48}.Release|x64.Build.0 = Release|Any CPU
		{23470AD4-36F3-423F-87D1-2380FE223E48}.Release|x86.ActiveCfg = Release|Any CPU
		{23470AD4-36F3-423F-87D1-2380FE223E48}.Release|x86.Build.0 = Release|Any CPU
		{9599081B-3BB0-4F08-83A1-B1F191830967}.Debug|Any CPU.ActiveCfg = Debug|Any CPU
		{9599081B-3BB0-4F08-83A1-B1F191830967}.Debug|Any CPU.Build.0 = Debug|Any CPU
		{9599081B-3BB0-4F08-83A1-B1F191830967}.Debug|x64.ActiveCfg = Debug|Any CPU
		{9599081B-3BB0-4F08-83A1-B1F191830967}.Debug|x64.Build.0 = Debug|Any CPU
		{9599081B-3BB0-4F08-83A1-B1F191830967}.Debug|x86.ActiveCfg = Debug|Any CPU
		{9599081B-3BB0-4F08-83A1-B1F191830967}.Debug|x86.Build.0 = Debug|Any CPU
		{9599081B-3BB0-4F08-83A1-B1F191830967}.Release|Any CPU.ActiveCfg = Release|Any CPU
		{9599081B-3BB0-4F08-83A1-B1F191830967}.Release|Any CPU.Build.0 = Release|Any CPU
		{9599081B-3BB0-4F08-83A1-B1F191830967}.Release|x64.ActiveCfg = Release|Any CPU
		{9599081B-3BB0-4F08-83A1-B1F191830967}.Release|x64.Build.0 = Release|Any CPU
		{9599081B-3BB0-4F08-83A1-B1F191830967}.Release|x86.ActiveCfg = Release|Any CPU
		{9599081B-3BB0-4F08-83A1-B1F191830967}.Release|x86.Build.0 = Release|Any CPU
		{12F0ED59-D2A6-4BA0-9859-F15284764FD0}.Debug|Any CPU.ActiveCfg = Debug|Any CPU
		{12F0ED59-D2A6-4BA0-9859-F15284764FD0}.Debug|Any CPU.Build.0 = Debug|Any CPU
		{12F0ED59-D2A6-4BA0-9859-F15284764FD0}.Debug|x64.ActiveCfg = Debug|Any CPU
		{12F0ED59-D2A6-4BA0-9859-F15284764FD0}.Debug|x64.Build.0 = Debug|Any CPU
		{12F0ED59-D2A6-4BA0-9859-F15284764FD0}.Debug|x86.ActiveCfg = Debug|Any CPU
		{12F0ED59-D2A6-4BA0-9859-F15284764FD0}.Debug|x86.Build.0 = Debug|Any CPU
		{12F0ED59-D2A6-4BA0-9859-F15284764FD0}.Release|Any CPU.ActiveCfg = Release|Any CPU
		{12F0ED59-D2A6-4BA0-9859-F15284764FD0}.Release|Any CPU.Build.0 = Release|Any CPU
		{12F0ED59-D2A6-4BA0-9859-F15284764FD0}.Release|x64.ActiveCfg = Release|Any CPU
		{12F0ED59-D2A6-4BA0-9859-F15284764FD0}.Release|x64.Build.0 = Release|Any CPU
		{12F0ED59-D2A6-4BA0-9859-F15284764FD0}.Release|x86.ActiveCfg = Release|Any CPU
		{12F0ED59-D2A6-4BA0-9859-F15284764FD0}.Release|x86.Build.0 = Release|Any CPU
		{0379825B-3515-4E41-9472-0FE681081106}.Debug|Any CPU.ActiveCfg = Debug|Any CPU
		{0379825B-3515-4E41-9472-0FE681081106}.Debug|Any CPU.Build.0 = Debug|Any CPU
		{0379825B-3515-4E41-9472-0FE681081106}.Debug|x64.ActiveCfg = Debug|Any CPU
		{0379825B-3515-4E41-9472-0FE681081106}.Debug|x64.Build.0 = Debug|Any CPU
		{0379825B-3515-4E41-9472-0FE681081106}.Debug|x86.ActiveCfg = Debug|Any CPU
		{0379825B-3515-4E41-9472-0FE681081106}.Debug|x86.Build.0 = Debug|Any CPU
		{0379825B-3515-4E41-9472-0FE681081106}.Release|Any CPU.ActiveCfg = Release|Any CPU
		{0379825B-3515-4E41-9472-0FE681081106}.Release|Any CPU.Build.0 = Release|Any CPU
		{0379825B-3515-4E41-9472-0FE681081106}.Release|x64.ActiveCfg = Release|Any CPU
		{0379825B-3515-4E41-9472-0FE681081106}.Release|x64.Build.0 = Release|Any CPU
		{0379825B-3515-4E41-9472-0FE681081106}.Release|x86.ActiveCfg = Release|Any CPU
		{0379825B-3515-4E41-9472-0FE681081106}.Release|x86.Build.0 = Release|Any CPU
		{F5E9FD53-560F-4891-89C6-23F7E9663500}.Debug|Any CPU.ActiveCfg = Debug|Any CPU
		{F5E9FD53-560F-4891-89C6-23F7E9663500}.Debug|Any CPU.Build.0 = Debug|Any CPU
		{F5E9FD53-560F-4891-89C6-23F7E9663500}.Debug|x64.ActiveCfg = Debug|Any CPU
		{F5E9FD53-560F-4891-89C6-23F7E9663500}.Debug|x64.Build.0 = Debug|Any CPU
		{F5E9FD53-560F-4891-89C6-23F7E9663500}.Debug|x86.ActiveCfg = Debug|Any CPU
		{F5E9FD53-560F-4891-89C6-23F7E9663500}.Debug|x86.Build.0 = Debug|Any CPU
		{F5E9FD53-560F-4891-89C6-23F7E9663500}.Release|Any CPU.ActiveCfg = Release|Any CPU
		{F5E9FD53-560F-4891-89C6-23F7E9663500}.Release|Any CPU.Build.0 = Release|Any CPU
		{F5E9FD53-560F-4891-89C6-23F7E9663500}.Release|x64.ActiveCfg = Release|Any CPU
		{F5E9FD53-560F-4891-89C6-23F7E9663500}.Release|x64.Build.0 = Release|Any CPU
		{F5E9FD53-560F-4891-89C6-23F7E9663500}.Release|x86.ActiveCfg = Release|Any CPU
		{F5E9FD53-560F-4891-89C6-23F7E9663500}.Release|x86.Build.0 = Release|Any CPU
		{8B995B08-9D0F-4196-AB9A-F8D570A73B98}.Debug|Any CPU.ActiveCfg = Debug|Any CPU
		{8B995B08-9D0F-4196-AB9A-F8D570A73B98}.Debug|Any CPU.Build.0 = Debug|Any CPU
		{8B995B08-9D0F-4196-AB9A-F8D570A73B98}.Debug|x64.ActiveCfg = Debug|Any CPU
		{8B995B08-9D0F-4196-AB9A-F8D570A73B98}.Debug|x64.Build.0 = Debug|Any CPU
		{8B995B08-9D0F-4196-AB9A-F8D570A73B98}.Debug|x86.ActiveCfg = Debug|Any CPU
		{8B995B08-9D0F-4196-AB9A-F8D570A73B98}.Debug|x86.Build.0 = Debug|Any CPU
		{8B995B08-9D0F-4196-AB9A-F8D570A73B98}.Release|Any CPU.ActiveCfg = Release|Any CPU
		{8B995B08-9D0F-4196-AB9A-F8D570A73B98}.Release|Any CPU.Build.0 = Release|Any CPU
		{8B995B08-9D0F-4196-AB9A-F8D570A73B98}.Release|x64.ActiveCfg = Release|Any CPU
		{8B995B08-9D0F-4196-AB9A-F8D570A73B98}.Release|x64.Build.0 = Release|Any CPU
		{8B995B08-9D0F-4196-AB9A-F8D570A73B98}.Release|x86.ActiveCfg = Release|Any CPU
		{8B995B08-9D0F-4196-AB9A-F8D570A73B98}.Release|x86.Build.0 = Release|Any CPU
		{3AEB2EAF-C3C8-4459-96E8-28FD2E4DEE83}.Debug|Any CPU.ActiveCfg = Debug|Any CPU
		{3AEB2EAF-C3C8-4459-96E8-28FD2E4DEE83}.Debug|Any CPU.Build.0 = Debug|Any CPU
		{3AEB2EAF-C3C8-4459-96E8-28FD2E4DEE83}.Debug|x64.ActiveCfg = Debug|Any CPU
		{3AEB2EAF-C3C8-4459-96E8-28FD2E4DEE83}.Debug|x64.Build.0 = Debug|Any CPU
		{3AEB2EAF-C3C8-4459-96E8-28FD2E4DEE83}.Debug|x86.ActiveCfg = Debug|Any CPU
		{3AEB2EAF-C3C8-4459-96E8-28FD2E4DEE83}.Debug|x86.Build.0 = Debug|Any CPU
		{3AEB2EAF-C3C8-4459-96E8-28FD2E4DEE83}.Release|Any CPU.ActiveCfg = Release|Any CPU
		{3AEB2EAF-C3C8-4459-96E8-28FD2E4DEE83}.Release|Any CPU.Build.0 = Release|Any CPU
		{3AEB2EAF-C3C8-4459-96E8-28FD2E4DEE83}.Release|x64.ActiveCfg = Release|Any CPU
		{3AEB2EAF-C3C8-4459-96E8-28FD2E4DEE83}.Release|x64.Build.0 = Release|Any CPU
		{3AEB2EAF-C3C8-4459-96E8-28FD2E4DEE83}.Release|x86.ActiveCfg = Release|Any CPU
		{3AEB2EAF-C3C8-4459-96E8-28FD2E4DEE83}.Release|x86.Build.0 = Release|Any CPU
	EndGlobalSection
	GlobalSection(SolutionProperties) = preSolution
		HideSolutionNode = FALSE
	EndGlobalSection
	GlobalSection(NestedProjects) = preSolution
		{34C36AC5-E78A-41F9-BA18-AC7B805E460B} = {79C4D457-9661-4956-8067-BCB9BE63F445}
		{23470AD4-36F3-423F-87D1-2380FE223E48} = {3C76C936-0036-4E60-811F-F74DA1978EB9}
		{9599081B-3BB0-4F08-83A1-B1F191830967} = {45D2E5BC-CFAD-4D89-8D1B-57ED1E6A4653}
		{12F0ED59-D2A6-4BA0-9859-F15284764FD0} = {45D2E5BC-CFAD-4D89-8D1B-57ED1E6A4653}
		{0379825B-3515-4E41-9472-0FE681081106} = {3CC0E47B-DFD8-45D1-8602-6E698DB02471}
		{F5E9FD53-560F-4891-89C6-23F7E9663500} = {79C4D457-9661-4956-8067-BCB9BE63F445}
		{8B995B08-9D0F-4196-AB9A-F8D570A73B98} = {45D2E5BC-CFAD-4D89-8D1B-57ED1E6A4653}
		{3AEB2EAF-C3C8-4459-96E8-28FD2E4DEE83} = {45D2E5BC-CFAD-4D89-8D1B-57ED1E6A4653}
	EndGlobalSection
EndGlobal
